
Microsoft Visual Studio Solution File, Format Version 12.00
# Visual Studio Version 16
VisualStudioVersion = 16.0.32228.343
MinimumVisualStudioVersion = 10.0.40219.1
Project("{FAE04EC0-301F-11D3-BF4B-00C04F79EFBC}") = "WebApiDemoEmployee", "WebApiDemoEmployee.csproj", "{3DF6DAD2-B6B0-475A-9B31-C3DFFDCE971B}"
EndProject
Global
	GlobalSection(SolutionConfigurationPlatforms) = preSolution
		Debug|Any CPU = Debug|Any CPU
		Release|Any CPU = Release|Any CPU
	EndGlobalSection
	GlobalSection(ProjectConfigurationPlatforms) = postSolution
		{3DF6DAD2-B6B0-475A-9B31-C3DFFDCE971B}.Debug|Any CPU.ActiveCfg = Debug|Any CPU
		{3DF6DAD2-B6B0-475A-9B31-C3DFFDCE971B}.Debug|Any CPU.Build.0 = Debug|Any CPU
		{3DF6DAD2-B6B0-475A-9B31-C3DFFDCE971B}.Release|Any CPU.ActiveCfg = Release|Any CPU
		{3DF6DAD2-B6B0-475A-9B31-C3DFFDCE971B}.Release|Any CPU.Build.0 = Release|Any CPU
	EndGlobalSection
	GlobalSection(SolutionProperties) = preSolution
		HideSolutionNode = FALSE
	EndGlobalSection
	GlobalSection(ExtensibilityGlobals) = postSolution
		SolutionGuid = {1128F548-6897-4EB2-A832-0F433AA0E0E0}
	EndGlobalSection
EndGlobal
